{
  "name": "positivity-api",
  "version": "1.2.0",
  "lockfileVersion": 1,
  "requires": true,
  "dependencies": {
    "unique-random": {
      "version": "4.0.0",
      "resolved": "https://registry.npmjs.org/unique-random/-/unique-random-4.0.0.tgz",
      "integrity": "sha512-lrIvMDF5M9DOCy6j1YdNkMkAZkQAd0Bk7PWazA/Kr3cy2L0NhanxdeFmBFg+tDUirNHrIcQf3K7oIeBTCXpIFQ=="
    },
    "unique-random-array": {
      "version": "4.0.0",
      "resolved": "https://registry.npmjs.org/unique-random-array/-/unique-random-array-4.0.0.tgz",
      "integrity": "sha512-SCZc46g0PtZVKiVnL3ngE1murYDxduGtsCX5f+mvQ/MynUEbCeNGHUCtcsUoSZAejSxCSgNzSK5IdI5uxBbc+g==",
      "requires": {
        "unique-random": "^4.0.0"
      }
    }
  }
}
